// !$*UTF8*$!
{
	archiveVersion = 1;
	classes = {
	};
	objectVersion = 50;
	objects = {

/* Begin PBXBuildFile section */
		13E2A564226442530039E532 /* AppDelegate.swift in Sources */ = {isa = PBXBuildFile; fileRef = 13E2A563226442530039E532 /* AppDelegate.swift */; };
		13E2A566226442530039E532 /* ViewController.swift in Sources */ = {isa = PBXBuildFile; fileRef = 13E2A565226442530039E532 /* ViewController.swift */; };
		13E2A569226442530039E532 /* Main.storyboard in Resources */ = {isa = PBXBuildFile; fileRef = 13E2A567226442530039E532 /* Main.storyboard */; };
		13E2A56B226442540039E532 /* Assets.xcassets in Resources */ = {isa = PBXBuildFile; fileRef = 13E2A56A226442540039E532 /* Assets.xcassets */; };
		13E2A58E2265F3870039E532 /* level1.txt in Resources */ = {isa = PBXBuildFile; fileRef = 13E2A5892265F3540039E532 /* level1.txt */; };
		13E2A58F2265F3870039E532 /* level2.txt in Resources */ = {isa = PBXBuildFile; fileRef = 13E2A58A2265F3540039E532 /* level2.txt */; };
/* End PBXBuildFile section */

/* Begin PBXContainerItemProxy section */
		13E2A575226442540039E532 /* PBXContainerItemProxy */ = {
			isa = PBXContainerItemProxy;
			containerPortal = 13E2A558226442530039E532 /* Project object */;
			proxyType = 1;
			remoteGlobalIDString = 13E2A55F226442530039E532;
			remoteInfo = "Project 8";
		};
/* End PBXContainerItemProxy section */

/* Begin PBXFileReference section */
		13E2A560226442530039E532 /* Project 8.app */ = {isa = PBXFileReference; explicitFileType = wrapper.application; includeInIndex = 0; path = "Project 8.app"; sourceTree = BUILT_PRODUCTS_DIR; };
		13E2A563226442530039E532 /* AppDelegate.swift */ = {isa = PBXFileReference; lastKnownFileType = sourcecode.swift; path = AppDelegate.swift; sourceTree = "<group>"; };
		13E2A565226442530039E532 /* ViewController.swift */ = {isa = PBXFileReference; lastKnownFileType = sourcecode.swift; path = ViewController.swift; sourceTree = "<group>"; };
		13E2A568226442530039E532 /* Base */ = {isa = PBXFileReference; lastKnownFileType = file.storyboard; name = Base; path = Base.lproj/Main.storyboard; sourceTree = "<group>"; };
		13E2A56A226442540039E532 /* Assets.xcassets */ = {isa = PBXFileReference; lastKnownFileType = folder.assetcatalog; path = Assets.xcassets; sourceTree = "<group>"; };
		13E2A56D226442540039E532 /* Base */ = {isa = PBXFileReference; lastKnownFileType = file.storyboard; name = Base; path = Base.lproj/LaunchScreen.storyboard; sourceTree = "<group>"; };
		13E2A56F226442540039E532 /* Info.plist */ = {isa = PBXFileReference; lastKnownFileType = text.plist.xml; path = Info.plist; sourceTree = "<group>"; };
		13E2A574226442540039E532 /* Project 8Tests.xctest */ = {isa = PBXFileReference; explicitFileType = wrapper.cfbundle; includeInIndex = 0; path = "Project 8Tests.xctest"; sourceTree = BUILT_PRODUCTS_DIR; };
		13E2A5892265F3540039E532 /* level1.txt */ = {isa = PBXFileReference; fileEncoding = 4; lastKnownFileType = text; path = level1.txt; sourceTree = "<group>"; };
		13E2A58A2265F3540039E532 /* level2.txt */ = {isa = PBXFileReference; fileEncoding = 4; lastKnownFileType = text; path = level2.txt; sourceTree = "<group>"; };
/* End PBXFileReference section */

/* Begin PBXFrameworksBuildPhase section */
		13E2A55D226442530039E532 /* Frameworks */ = {
			isa = PBXFrameworksBuildPhase;
			buildActionMask = 2147483647;
			files = (
			);
			runOnlyForDeploymentPostprocessing = 0;
		};
		13E2A571226442540039E532 /* Frameworks */ = {
			isa = PBXFrameworksBuildPhase;
			buildActionMask = 2147483647;
			files = (
			);
			runOnlyForDeploymentPostprocessing = 0;
		};
/* End PBXFrameworksBuildPhase section */

/* Begin PBXGroup section */
		13E2A557226442530039E532 = {
			isa = PBXGroup;
			children = (
				13E2A562226442530039E532 /* Project 8 */,
				13E2A561226442530039E532 /* Products */,
			);
			sourceTree = "<group>";
		};
		13E2A561226442530039E532 /* Products */ = {
			isa = PBXGroup;
			children = (
				13E2A560226442530039E532 /* Project 8.app */,
				13E2A574226442540039E532 /* Project 8Tests.xctest */,
			);
			name = Products;
			sourceTree = "<group>";
		};
		13E2A562226442530039E532 /* Project 8 */ = {
			isa = PBXGroup;
			children = (
				13E2A563226442530039E532 /* AppDelegate.swift */,
				13E2A565226442530039E532 /* ViewController.swift */,
				13E2A567226442530039E532 /* Main.storyboard */,
				13E2A56A226442540039E532 /* Assets.xcassets */,
				13E2A56C226442540039E532 /* LaunchScreen.storyboard */,
				13E2A56F226442540039E532 /* Info.plist */,
				13E2A5892265F3540039E532 /* level1.txt */,
				13E2A58A2265F3540039E532 /* level2.txt */,
			);
			path = "Project 8";
			sourceTree = "<group>";
		};
/* End PBXGroup section */

/* Begin PBXNativeTarget section */
		13E2A55F226442530039E532 /* Project 8 */ = {
			isa = PBXNativeTarget;
			buildConfigurationList = 13E2A57D226442540039E532 /* Build configuration list for PBXNativeTarget "Project 8" */;
			buildPhases = (
				13E2A55C226442530039E532 /* Sources */,
				13E2A55D226442530039E532 /* Frameworks */,
				13E2A55E226442530039E532 /* Resources */,
			);
			buildRules = (
			);
			dependencies = (
			);
			name = "Project 8";
			productName = "Project 8";
			productReference = 13E2A560226442530039E532 /* Project 8.app */;
			productType = "com.apple.product-type.application";
		};
		13E2A573226442540039E532 /* Project 8Tests */ = {
			isa = PBXNativeTarget;
			buildConfigurationList = 13E2A580226442540039E532 /* Build configuration list for PBXNativeTarget "Project 8Tests" */;
			buildPhases = (
				13E2A570226442540039E532 /* Sources */,
				13E2A571226442540039E532 /* Frameworks */,
				13E2A572226442540039E532 /* Resources */,
			);
			buildRules = (
			);
			dependencies = (
				13E2A576226442540039E532 /* PBXTargetDependency */,
			);
			name = "Project 8Tests";
			productName = "Project 8Tests";
			productReference = 13E2A574226442540039E532 /* Project 8Tests.xctest */;
			productType = "com.apple.product-type.bundle.unit-test";
		};
/* End PBXNativeTarget section */

/* Begin PBXProject section */
		13E2A558226442530039E532 /* Project object */ = {
			isa = PBXProject;
			attributes = {
				LastSwiftUpdateCheck = 1020;
				LastUpgradeCheck = 1020;
				ORGANIZATIONNAME = "Nadya Postriganova";
				TargetAttributes = {
					13E2A55F226442530039E532 = {
						CreatedOnToolsVersion = 10.2;
					};
					13E2A573226442540039E532 = {
						CreatedOnToolsVersion = 10.2;
						TestTargetID = 13E2A55F226442530039E532;
					};
				};
			};
			buildConfigurationList = 13E2A55B226442530039E532 /* Build configuration list for PBXProject "Project 8" */;
			compatibilityVersion = "Xcode 9.3";
			developmentRegion = en;
			hasScannedForEncodings = 0;
			knownRegions = (
				en,
				Base,
			);
			mainGroup = 13E2A557226442530039E532;
			productRefGroup = 13E2A561226442530039E532 /* Products */;
			projectDirPath = "";
			projectRoot = "";
			targets = (
				13E2A55F226442530039E532 /* Project 8 */,
				13E2A573226442540039E532 /* Project 8Tests */,
			);
		};
/* End PBXProject section */

/* Begin PBXResourcesBuildPhase section */
		13E2A55E226442530039E532 /* Resources */ = {
			isa = PBXResourcesBuildPhase;
			buildActionMask = 2147483647;
			files = (
				13E2A58E2265F3870039E532 /* level1.txt in Resources */,
				13E2A58F2265F3870039E532 /* level2.txt in Resources */,
				13E2A56B226442540039E532 /* Assets.xcassets in Resources */,
				13E2A569226442530039E532 /* Main.storyboard in Resources */,
			);
			runOnlyForDeploymentPostprocessing = 0;
		};
		13E2A572226442540039E532 /* Resources */ = {
			isa = PBXResourcesBuildPhase;
			buildActionMask = 2147483647;
			files = (
			);
			runOnlyForDeploymentPostprocessing = 0;
		};
/* End PBXResourcesBuildPhase section */

/* Begin PBXSourcesBuildPhase section */
		13E2A55C226442530039E532 /* Sources */ = {
			isa = PBXSourcesBuildPhase;
			buildActionMask = 2147483647;
			files = (
				13E2A566226442530039E532 /* ViewController.swift in Sources */,
				13E2A564226442530039E532 /* AppDelegate.swift in Sources */,
			);
			runOnlyForDeploymentPostprocessing = 0;
		};
		13E2A570226442540039E532 /* Sources */ = {
			isa = PBXSourcesBuildPhase;
			buildActionMask = 2147483647;
			files = (
			);
			runOnlyForDeploymentPostprocessing = 0;
		};
/* End PBXSourcesBuildPhase section */

/* Begin PBXTargetDependency section */
		13E2A576226442540039E532 /* PBXTargetDependency */ = {
			isa = PBXTargetDependency;
			target = 13E2A55F226442530039E532 /* Project 8 */;
			targetProxy = 13E2A575226442540039E532 /* PBXContainerItemProxy */;
		};
/* End PBXTargetDependency section */

/* Begin PBXVariantGroup section */
		13E2A567226442530039E532 /* Main.storyboard */ = {
			isa = PBXVariantGroup;
			children = (
				13E2A568226442530039E532 /* Base */,
			);
			name = Main.storyboard;
			sourceTree = "<group>";
		};
		13E2A56C226442540039E532 /* LaunchScreen.storyboard */ = {
			isa = PBXVariantGroup;
			children = (
				13E2A56D226442540039E532 /* Base */,
			);
			name = LaunchScreen.storyboard;
			sourceTree = "<group>";
		};
/* End PBXVariantGroup section */

/* Begin XCBuildConfiguration section */
		13E2A57B226442540039E532 /* Debug */ = {
			isa = XCBuildConfiguration;
			buildSettings = {
				ALWAYS_SEARCH_USER_PATHS = NO;
				CLANG_ANALYZER_NONNULL = YES;
				CLANG_ANALYZER_NUMBER_OBJECT_CONVERSION = YES_AGGRESSIVE;
				CLANG_CXX_LANGUAGE_STANDARD = "gnu++14";
				CLANG_CXX_LIBRARY = "libc++";
				CLANG_ENABLE_MODULES = YES;
				CLANG_ENABLE_OBJC_ARC = YES;
				CLANG_ENABLE_OBJC_WEAK = YES;
				CLANG_WARN_BLOCK_CAPTURE_AUTORELEASING = YES;
				CLANG_WARN_BOOL_CONVERSION = YES;
				CLANG_WARN_COMMA = YES;
				CLANG_WARN_CONSTANT_CONVERSION = YES;
				CLANG_WARN_DEPRECATED_OBJC_IMPLEMENTATIONS = YES;
				CLANG_WARN_DIRECT_OBJC_ISA_USAGE = YES_ERROR;
				CLANG_WARN_DOCUMENTATION_COMMENTS = YES;
				CLANG_WARN_EMPTY_BODY = YES;
				CLANG_WARN_ENUM_CONVERSION = YES;
				CLANG_WARN_INFINITE_RECURSION = YES;
				CLANG_WARN_INT_CONVERSION = YES;
				CLANG_WARN_NON_LITERAL_NULL_CONVERSION = YES;
				CLANG_WARN_OBJC_IMPLICIT_RETAIN_SELF = YES;
				CLANG_WARN_OBJC_LITERAL_CONVERSION = YES;
				CLANG_WARN_OBJC_ROOT_CLASS = YES_ERROR;
				CLANG_WARN_RANGE_LOOP_ANALYSIS = YES;
				CLANG_WARN_STRICT_PROTOTYPES = YES;
				CLANG_WARN_SUSPICIOUS_MOVE = YES;
				CLANG_WARN_UNGUARDED_AVAILABILITY = YES_AGGRESSIVE;
				CLANG_WARN_UNREACHABLE_CODE = YES;
				CLANG_WARN__DUPLICATE_METHOD_MATCH = YES;
				CODE_SIGN_IDENTITY = "iPhone Developer";
				COPY_PHASE_STRIP = NO;
				DEBUG_INFORMATION_FORMAT = dwarf;
				ENABLE_STRICT_OBJC_MSGSEND = YES;
				ENABLE_TESTABILITY = YES;
				GCC_C_LANGUAGE_STANDARD = gnu11;
				GCC_DYNAMIC_NO_PIC = NO;
				GCC_NO_COMMON_BLOCKS = YES;
				GCC_OPTIMIZATION_LEVEL = 0;
				GCC_PREPROCESSOR_DEFINITIONS = (
					"DEBUG=1",
					"$(inherited)",
				);
				GCC_WARN_64_TO_32_BIT_CONVERSION = YES;
				GCC_WARN_ABOUT_RETURN_TYPE = YES_ERROR;
				GCC_WARN_UNDECLARED_SELECTOR = YES;
				GCC_WARN_UNINITIALIZED_AUTOS = YES_AGGRESSIVE;
				GCC_WARN_UNUSED_FUNCTION = YES;
				GCC_WARN_UNUSED_VARIABLE = YES;
				IPHONEOS_DEPLOYMENT_TARGET = 12.2;
				MTL_ENABLE_DEBUG_INFO = INCLUDE_SOURCE;
				MTL_FAST_MATH = YES;
				ONLY_ACTIVE_ARCH = YES;
				SDKROOT = iphoneos;
				SWIFT_ACTIVE_COMPILATION_CONDITIONS = DEBUG;
				SWIFT_OPTIMIZATION_LEVEL = "-Onone";
			};
			name = Debug;
		};
		13E2A57C226442540039E532 /* Release */ = {
			isa = XCBuildConfiguration;
			buildSettings = {
				ALWAYS_SEARCH_USER_PATHS = NO;
				CLANG_ANALYZER_NONNULL = YES;
				CLANG_ANALYZER_NUMBER_OBJECT_CONVERSION = YES_AGGRESSIVE;
				CLANG_CXX_LANGUAGE_STANDARD = "gnu++14";
				CLANG_CXX_LIBRARY = "libc++";
				CLANG_ENABLE_MODULES = YES;
				CLANG_ENABLE_OBJC_ARC = YES;
				CLANG_ENABLE_OBJC_WEAK = YES;
				CLANG_WARN_BLOCK_CAPTURE_AUTORELEASING = YES;
				CLANG_WARN_BOOL_CONVERSION = YES;
				CLANG_WARN_COMMA = YES;
				CLANG_WARN_CONSTANT_CONVERSION = YES;
				CLANG_WARN_DEPRECATED_OBJC_IMPLEMENTATIONS = YES;
				CLANG_WARN_DIRECT_OBJC_ISA_USAGE = YES_ERROR;
				CLANG_WARN_DOCUMENTATION_COMMENTS = YES;
				CLANG_WARN_EMPTY_BODY = YES;
				CLANG_WARN_ENUM_CONVERSION = YES;
				CLANG_WARN_INFINITE_RECURSION = YES;
				CLANG_WARN_INT_CONVERSION = YES;
				CLANG_WARN_NON_LITERAL_NULL_CONVERSION = YES;
				CLANG_WARN_OBJC_IMPLICIT_RETAIN_SELF = YES;
				CLANG_WARN_OBJC_LITERAL_CONVERSION = YES;
				CLANG_WARN_OBJC_ROOT_CLASS = YES_ERROR;
				CLANG_WARN_RANGE_LOOP_ANALYSIS = YES;
				CLANG_WARN_STRICT_PROTOTYPES = YES;
				CLANG_WARN_SUSPICIOUS_MOVE = YES;
				CLANG_WARN_UNGUARDED_AVAILABILITY = YES_AGGRESSIVE;
				CLANG_WARN_UNREACHABLE_CODE = YES;
				CLANG_WARN__DUPLICATE_METHOD_MATCH = YES;
				CODE_SIGN_IDENTITY = "iPhone Developer";
				COPY_PHASE_STRIP = NO;
				DEBUG_INFORMATION_FORMAT = "dwarf-with-dsym";
				ENABLE_NS_ASSERTIONS = NO;
				ENABLE_STRICT_OBJC_MSGSEND = YES;
				GCC_C_LANGUAGE_STANDARD = gnu11;
				GCC_NO_COMMON_BLOCKS = YES;
				GCC_WARN_64_TO_32_BIT_CONVERSION = YES;
				GCC_WARN_ABOUT_RETURN_TYPE = YES_ERROR;
				GCC_WARN_UNDECLARED_SELECTOR = YES;
				GCC_WARN_UNINITIALIZED_AUTOS = YES_AGGRESSIVE;
				GCC_WARN_UNUSED_FUNCTION = YES;
				GCC_WARN_UNUSED_VARIABLE = YES;
				IPHONEOS_DEPLOYMENT_TARGET = 12.2;
				MTL_ENABLE_DEBUG_INFO = NO;
				MTL_FAST_MATH = YES;
				SDKROOT = iphoneos;
				SWIFT_COMPILATION_MODE = wholemodule;
				SWIFT_OPTIMIZATION_LEVEL = "-O";
				VALIDATE_PRODUCT = YES;
			};
			name = Release;
		};
		13E2A57E226442540039E532 /* Debug */ = {
			isa = XCBuildConfiguration;
			buildSettings = {
				ASSETCATALOG_COMPILER_APPICON_NAME = AppIcon;
				CODE_SIGN_STYLE = Automatic;
				DEVELOPMENT_TEAM = BG48W4G8TQ;
				INFOPLIST_FILE = "Project 8/Info.plist";
				LD_RUNPATH_SEARCH_PATHS = (
					"$(inherited)",
					"@executable_path/Frameworks",
				);
				PRODUCT_BUNDLE_IDENTIFIER = "com.nadyapost.Project-8";
				PRODUCT_NAME = "$(TARGET_NAME)";
				SWIFT_VERSION = 5.0;
				TARGETED_DEVICE_FAMILY = 2;
			};
			name = Debug;
		};
		13E2A57F226442540039E532 /* Release */ = {
			isa = XCBuildConfiguration;
			buildSettings = {
				ASSETCATALOG_COMPILER_APPICON_NAME = AppIcon;
				CODE_SIGN_STYLE = Automatic;
				DEVELOPMENT_TEAM = BG48W4G8TQ;
				INFOPLIST_FILE = "Project 8/Info.plist";
				LD_RUNPATH_SEARCH_PATHS = (
					"$(inherited)",
					"@executable_path/Frameworks",
				);
				PRODUCT_BUNDLE_IDENTIFIER = "com.nadyapost.Project-8";
				PRODUCT_NAME = "$(TARGET_NAME)";
				SWIFT_VERSION = 5.0;
				TARGETED_DEVICE_FAMILY = 2;
			};
			name = Release;
		};
		13E2A581226442540039E532 /* Debug */ = {
			isa = XCBuildConfiguration;
			buildSettings = {
				ALWAYS_EMBED_SWIFT_STANDARD_LIBRARIES = YES;
				BUNDLE_LOADER = "$(TEST_HOST)";
				CODE_SIGN_STYLE = Automatic;
				DEVELOPMENT_TEAM = BG48W4G8TQ;
				INFOPLIST_FILE = "Project 8Tests/Info.plist";
				LD_RUNPATH_SEARCH_PATHS = (
					"$(inherited)",
					"@executable_path/Frameworks",
					"@loader_path/Frameworks",
				);
				PRODUCT_BUNDLE_IDENTIFIER = "com.nadyapost.Project-8Tests";
				PRODUCT_NAME = "$(TARGET_NAME)";
				SWIFT_VERSION = 5.0;
				TARGETED_DEVICE_FAMILY = "1,2";
				TEST_HOST = "$(BUILT_PRODUCTS_DIR)/Project 8.app/Project 8";
			};
			name = Debug;
		};
		13E2A582226442540039E532 /* Release */ = {
			isa = XCBuildConfiguration;
			buildSettings = {
				ALWAYS_EMBED_SWIFT_STANDARD_LIBRARIES = YES;
				BUNDLE_LOADER = "$(TEST_HOST)";
				CODE_SIGN_STYLE = Automatic;
				DEVELOPMENT_TEAM = BG48W4G8TQ;
				INFOPLIST_FILE = "Project 8Tests/Info.plist";
				LD_RUNPATH_SEARCH_PATHS = (
					"$(inherited)",
					"@executable_path/Frameworks",
					"@loader_path/Frameworks",
				);
				PRODUCT_BUNDLE_IDENTIFIER = "com.nadyapost.Project-8Tests";
				PRODUCT_NAME = "$(TARGET_NAME)";
				SWIFT_VERSION = 5.0;
				TARGETED_DEVICE_FAMILY = "1,2";
				TEST_HOST = "$(BUILT_PRODUCTS_DIR)/Project 8.app/Project 8";
			};
			name = Release;
		};
/* End XCBuildConfiguration section */

/* Begin XCConfigurationList section */
		13E2A55B226442530039E532 /* Build configuration list for PBXProject "Project 8" */ = {
			isa = XCConfigurationList;
			buildConfigurations = (
				13E2A57B226442540039E532 /* Debug */,
				13E2A57C226442540039E532 /* Release */,
			);
			defaultConfigurationIsVisible = 0;
			defaultConfigurationName = Release;
		};
		13E2A57D226442540039E532 /* Build configuration list for PBXNativeTarget "Project 8" */ = {
			isa = XCConfigurationList;
			buildConfigurations = (
				13E2A57E226442540039E532 /* Debug */,
				13E2A57F226442540039E532 /* Release */,
			);
			defaultConfigurationIsVisible = 0;
			defaultConfigurationName = Release;
		};
		13E2A580226442540039E532 /* Build configuration list for PBXNativeTarget "Project 8Tests" */ = {
			isa = XCConfigurationList;
			buildConfigurations = (
				13E2A581226442540039E532 /* Debug */,
				13E2A582226442540039E532 /* Release */,
			);
			defaultConfigurationIsVisible = 0;
			defaultConfigurationName = Release;
		};
/* End XCConfigurationList section */
	};
	rootObject = 13E2A558226442530039E532 /* Project object */;
}
